
Microsoft Visual Studio Solution File, Format Version 12.00
# Visual Studio Version 17
VisualStudioVersion = 17.12.35707.178 d17.12
MinimumVisualStudioVersion = 10.0.40219.1
Project("{FAE04EC0-301F-11D3-BF4B-00C04F79EFBC}") = "LucasSaidEDPSolution", "LucasSaidEDPSolution\LucasSaidEDPSolution.csproj", "{A488D0BD-B175-46E1-850B-0E2CF485D59B}"
EndProject
Global
	GlobalSection(SolutionConfigurationPlatforms) = preSolution
		Debug|Any CPU = Debug|Any CPU
		Release|Any CPU = Release|Any CPU
	EndGlobalSection
	GlobalSection(ProjectConfigurationPlatforms) = postSolution
		{A488D0BD-B175-46E1-850B-0E2CF485D59B}.Debug|Any CPU.ActiveCfg = Debug|Any CPU
		{A488D0BD-B175-46E1-850B-0E2CF485D59B}.Debug|Any CPU.Build.0 = Debug|Any CPU
		{A488D0BD-B175-46E1-850B-0E2CF485D59B}.Release|Any CPU.ActiveCfg = Release|Any CPU
		{A488D0BD-B175-46E1-850B-0E2CF485D59B}.Release|Any CPU.Build.0 = Release|Any CPU
	EndGlobalSection
	GlobalSection(SolutionProperties) = preSolution
		HideSolutionNode = FALSE
	EndGlobalSection
EndGlobal
